
Microsoft Visual Studio Solution File, Format Version 12.00
# Visual Studio Version 17
VisualStudioVersion = 17.0.32112.339
MinimumVisualStudioVersion = 10.0.40219.1
Project("{FAE04EC0-301F-11D3-BF4B-00C04F79EFBC}") = "HuokanServer", "HuokanServer\HuokanServer.csproj", "{DCE47149-47E5-4058-B87E-9E14B0BA47E8}"
EndProject
Project("{FAE04EC0-301F-11D3-BF4B-00C04F79EFBC}") = "HuokanServer.IntegrationTests", "HuokanServer.IntegrationTests\HuokanServer.IntegrationTests.csproj", "{1153FD63-4594-4E09-8B30-71746BABB534}"
EndProject
Project("{FAE04EC0-301F-11D3-BF4B-00C04F79EFBC}") = "HuokanServer.UnitTests", "HuokanServer.UnitTests\HuokanServer.UnitTests.csproj", "{DD174363-03A1-48BB-B1A5-6B0A2C5A57B9}"
EndProject
Global
	GlobalSection(SolutionConfigurationPlatforms) = preSolution
		Debug|Any CPU = Debug|Any CPU
		Debug|x64 = Debug|x64
		Debug|x86 = Debug|x86
		Release|Any CPU = Release|Any CPU
		Release|x64 = Release|x64
		Release|x86 = Release|x86
	EndGlobalSection
	GlobalSection(ProjectConfigurationPlatforms) = postSolution
		{DCE47149-47E5-4058-B87E-9E14B0BA47E8}.Debug|Any CPU.ActiveCfg = Debug|Any CPU
		{DCE47149-47E5-4058-B87E-9E14B0BA47E8}.Debug|Any CPU.Build.0 = Debug|Any CPU
		{DCE47149-47E5-4058-B87E-9E14B0BA47E8}.Debug|x64.ActiveCfg = Debug|Any CPU
		{DCE47149-47E5-4058-B87E-9E14B0BA47E8}.Debug|x64.Build.0 = Debug|Any CPU
		{DCE47149-47E5-4058-B87E-9E14B0BA47E8}.Debug|x86.ActiveCfg = Debug|Any CPU
		{DCE47149-47E5-4058-B87E-9E14B0BA47E8}.Debug|x86.Build.0 = Debug|Any CPU
		{DCE47149-47E5-4058-B87E-9E14B0BA47E8}.Release|Any CPU.ActiveCfg = Release|Any CPU
		{DCE47149-47E5-4058-B87E-9E14B0BA47E8}.Release|Any CPU.Build.0 = Release|Any CPU
		{DCE47149-47E5-4058-B87E-9E14B0BA47E8}.Release|x64.ActiveCfg = Release|Any CPU
		{DCE47149-47E5-4058-B87E-9E14B0BA47E8}.Release|x64.Build.0 = Release|Any CPU
		{DCE47149-47E5-4058-B87E-9E14B0BA47E8}.Release|x86.ActiveCfg = Release|Any CPU
		{DCE47149-47E5-4058-B87E-9E14B0BA47E8}.Release|x86.Build.0 = Release|Any CPU
		{1153FD63-4594-4E09-8B30-71746BABB534}.Debug|Any CPU.ActiveCfg = Debug|Any CPU
		{1153FD63-4594-4E09-8B30-71746BABB534}.Debug|Any CPU.Build.0 = Debug|Any CPU
		{1153FD63-4594-4E09-8B30-71746BABB534}.Debug|x64.ActiveCfg = Debug|Any CPU
		{1153FD63-4594-4E09-8B30-71746BABB534}.Debug|x64.Build.0 = Debug|Any CPU
		{1153FD63-4594-4E09-8B30-71746BABB534}.Debug|x86.ActiveCfg = Debug|Any CPU
		{1153FD63-4594-4E09-8B30-71746BABB534}.Debug|x86.Build.0 = Debug|Any CPU
		{1153FD63-4594-4E09-8B30-71746BABB534}.Release|Any CPU.ActiveCfg = Release|Any CPU
		{1153FD63-4594-4E09-8B30-71746BABB534}.Release|Any CPU.Build.0 = Release|Any CPU
		{1153FD63-4594-4E09-8B30-71746BABB534}.Release|x64.ActiveCfg = Release|Any CPU
		{1153FD63-4594-4E09-8B30-71746BABB534}.Release|x64.Build.0 = Release|Any CPU
		{1153FD63-4594-4E09-8B30-71746BABB534}.Release|x86.ActiveCfg = Release|Any CPU
		{1153FD63-4594-4E09-8B30-71746BABB534}.Release|x86.Build.0 = Release|Any CPU
		{DD174363-03A1-48BB-B1A5-6B0A2C5A57B9}.Debug|Any CPU.ActiveCfg = Debug|Any CPU
		{DD174363-03A1-48BB-B1A5-6B0A2C5A57B9}.Debug|Any CPU.Build.0 = Debug|Any CPU
		{DD174363-03A1-48BB-B1A5-6B0A2C5A57B9}.Debug|x64.ActiveCfg = Debug|Any CPU
		{DD174363-03A1-48BB-B1A5-6B0A2C5A57B9}.Debug|x64.Build.0 = Debug|Any CPU
		{DD174363-03A1-48BB-B1A5-6B0A2C5A57B9}.Debug|x86.ActiveCfg = Debug|Any CPU
		{DD174363-03A1-48BB-B1A5-6B0A2C5A57B9}.Debug|x86.Build.0 = Debug|Any CPU
		{DD174363-03A1-48BB-B1A5-6B0A2C5A57B9}.Release|Any CPU.ActiveCfg = Release|Any CPU
		{DD174363-03A1-48BB-B1A5-6B0A2C5A57B9}.Release|Any CPU.Build.0 = Release|Any CPU
		{DD174363-03A1-48BB-B1A5-6B0A2C5A57B9}.Release|x64.ActiveCfg = Release|Any CPU
		{DD174363-03A1-48BB-B1A5-6B0A2C5A57B9}.Release|x64.Build.0 = Release|Any CPU
		{DD174363-03A1-48BB-B1A5-6B0A2C5A57B9}.Release|x86.ActiveCfg = Release|Any CPU
		{DD174363-03A1-48BB-B1A5-6B0A2C5A57B9}.Release|x86.Build.0 = Release|Any CPU
	EndGlobalSection
	GlobalSection(SolutionProperties) = preSolution
		HideSolutionNode = FALSE
	EndGlobalSection
	GlobalSection(ExtensibilityGlobals) = postSolution
		SolutionGuid = {467EA5B8-A346-472E-8D01-E5A077662B26}
	EndGlobalSection
EndGlobal
